
Microsoft Visual Studio Solution File, Format Version 12.00
# Visual Studio 2012
Project("{FAE04EC0-301F-11D3-BF4B-00C04F79EFBC}") = "Stocklist", "Stocklist.csproj", "{83994D64-A561-464F-8DB0-0108F7FA8759}"
EndProject
Project("{FAE04EC0-301F-11D3-BF4B-00C04F79EFBC}") = "Stocklist.iOS", "iOS\Stocklist.iOS.csproj", "{65406A8F-CFAE-4AF1-B6B0-ECC9780AC069}"
EndProject
Project("{FAE04EC0-301F-11D3-BF4B-00C04F79EFBC}") = "Stocklist.Droid", "Droid\Stocklist.Droid.csproj", "{4C0618AB-2C8F-4612-B619-D21596564641}"
EndProject
Project("{FAE04EC0-301F-11D3-BF4B-00C04F79EFBC}") = "Stocklist.Portable", "Stocklist.Portable\Stocklist.Portable.csproj", "{2379A4D7-D404-4174-9A46-C1A96F484579}"
EndProject
Global
	GlobalSection(SolutionConfigurationPlatforms) = preSolution
		Debug|Any CPU = Debug|Any CPU
		Release|Any CPU = Release|Any CPU
		Debug|iPhoneSimulator = Debug|iPhoneSimulator
		Release|iPhone = Release|iPhone
		Release|iPhoneSimulator = Release|iPhoneSimulator
		Debug|iPhone = Debug|iPhone
	EndGlobalSection
	GlobalSection(ProjectConfigurationPlatforms) = postSolution
		{83994D64-A561-464F-8DB0-0108F7FA8759}.Debug|Any CPU.ActiveCfg = Debug|Any CPU
		{83994D64-A561-464F-8DB0-0108F7FA8759}.Debug|Any CPU.Build.0 = Debug|Any CPU
		{83994D64-A561-464F-8DB0-0108F7FA8759}.Release|Any CPU.ActiveCfg = Release|Any CPU
		{83994D64-A561-464F-8DB0-0108F7FA8759}.Release|Any CPU.Build.0 = Release|Any CPU
		{83994D64-A561-464F-8DB0-0108F7FA8759}.Debug|iPhoneSimulator.ActiveCfg = Debug|Any CPU
		{83994D64-A561-464F-8DB0-0108F7FA8759}.Debug|iPhoneSimulator.Build.0 = Debug|Any CPU
		{83994D64-A561-464F-8DB0-0108F7FA8759}.Release|iPhone.ActiveCfg = Release|Any CPU
		{83994D64-A561-464F-8DB0-0108F7FA8759}.Release|iPhone.Build.0 = Release|Any CPU
		{83994D64-A561-464F-8DB0-0108F7FA8759}.Release|iPhoneSimulator.ActiveCfg = Release|Any CPU
		{83994D64-A561-464F-8DB0-0108F7FA8759}.Release|iPhoneSimulator.Build.0 = Release|Any CPU
		{83994D64-A561-464F-8DB0-0108F7FA8759}.Debug|iPhone.ActiveCfg = Debug|Any CPU
		{83994D64-A561-464F-8DB0-0108F7FA8759}.Debug|iPhone.Build.0 = Debug|Any CPU
		{65406A8F-CFAE-4AF1-B6B0-ECC9780AC069}.Debug|Any CPU.ActiveCfg = Debug|iPhoneSimulator
		{65406A8F-CFAE-4AF1-B6B0-ECC9780AC069}.Debug|Any CPU.Build.0 = Debug|iPhoneSimulator
		{65406A8F-CFAE-4AF1-B6B0-ECC9780AC069}.Release|Any CPU.ActiveCfg = Debug|iPhoneSimulator
		{65406A8F-CFAE-4AF1-B6B0-ECC9780AC069}.Release|Any CPU.Build.0 = Debug|iPhoneSimulator
		{65406A8F-CFAE-4AF1-B6B0-ECC9780AC069}.Debug|iPhoneSimulator.ActiveCfg = Debug|iPhoneSimulator
		{65406A8F-CFAE-4AF1-B6B0-ECC9780AC069}.Debug|iPhoneSimulator.Build.0 = Debug|iPhoneSimulator
		{65406A8F-CFAE-4AF1-B6B0-ECC9780AC069}.Release|iPhone.ActiveCfg = Release|iPhone
		{65406A8F-CFAE-4AF1-B6B0-ECC9780AC069}.Release|iPhone.Build.0 = Release|iPhone
		{65406A8F-CFAE-4AF1-B6B0-ECC9780AC069}.Release|iPhoneSimulator.ActiveCfg = Release|iPhoneSimulator
		{65406A8F-CFAE-4AF1-B6B0-ECC9780AC069}.Release|iPhoneSimulator.Build.0 = Release|iPhoneSimulator
		{65406A8F-CFAE-4AF1-B6B0-ECC9780AC069}.Debug|iPhone.ActiveCfg = Debug|iPhone
		{65406A8F-CFAE-4AF1-B6B0-ECC9780AC069}.Debug|iPhone.Build.0 = Debug|iPhone
		{4C0618AB-2C8F-4612-B619-D21596564641}.Debug|Any CPU.ActiveCfg = Debug|Any CPU
		{4C0618AB-2C8F-4612-B619-D21596564641}.Debug|Any CPU.Build.0 = Debug|Any CPU
		{4C0618AB-2C8F-4612-B619-D21596564641}.Release|Any CPU.ActiveCfg = Release|Any CPU
		{4C0618AB-2C8F-4612-B619-D21596564641}.Release|Any CPU.Build.0 = Release|Any CPU
		{4C0618AB-2C8F-4612-B619-D21596564641}.Debug|iPhoneSimulator.ActiveCfg = Debug|Any CPU
		{4C0618AB-2C8F-4612-B619-D21596564641}.Debug|iPhoneSimulator.Build.0 = Debug|Any CPU
		{4C0618AB-2C8F-4612-B619-D21596564641}.Release|iPhone.ActiveCfg = Release|Any CPU
		{4C0618AB-2C8F-4612-B619-D21596564641}.Release|iPhone.Build.0 = Release|Any CPU
		{4C0618AB-2C8F-4612-B619-D21596564641}.Release|iPhoneSimulator.ActiveCfg = Release|Any CPU
		{4C0618AB-2C8F-4612-B619-D21596564641}.Release|iPhoneSimulator.Build.0 = Release|Any CPU
		{4C0618AB-2C8F-4612-B619-D21596564641}.Debug|iPhone.ActiveCfg = Debug|Any CPU
		{4C0618AB-2C8F-4612-B619-D21596564641}.Debug|iPhone.Build.0 = Debug|Any CPU
		{2379A4D7-D404-4174-9A46-C1A96F484579}.Debug|Any CPU.ActiveCfg = Debug|Any CPU
		{2379A4D7-D404-4174-9A46-C1A96F484579}.Debug|Any CPU.Build.0 = Debug|Any CPU
		{2379A4D7-D404-4174-9A46-C1A96F484579}.Release|Any CPU.ActiveCfg = Release|Any CPU
		{2379A4D7-D404-4174-9A46-C1A96F484579}.Release|Any CPU.Build.0 = Release|Any CPU
		{2379A4D7-D404-4174-9A46-C1A96F484579}.Debug|iPhoneSimulator.ActiveCfg = Debug|Any CPU
		{2379A4D7-D404-4174-9A46-C1A96F484579}.Debug|iPhoneSimulator.Build.0 = Debug|Any CPU
		{2379A4D7-D404-4174-9A46-C1A96F484579}.Release|iPhone.ActiveCfg = Release|Any CPU
		{2379A4D7-D404-4174-9A46-C1A96F484579}.Release|iPhone.Build.0 = Release|Any CPU
		{2379A4D7-D404-4174-9A46-C1A96F484579}.Release|iPhoneSimulator.ActiveCfg = Release|Any CPU
		{2379A4D7-D404-4174-9A46-C1A96F484579}.Release|iPhoneSimulator.Build.0 = Release|Any CPU
		{2379A4D7-D404-4174-9A46-C1A96F484579}.Debug|iPhone.ActiveCfg = Debug|Any CPU
		{2379A4D7-D404-4174-9A46-C1A96F484579}.Debug|iPhone.Build.0 = Debug|Any CPU
	EndGlobalSection
EndGlobal
